
Microsoft Visual Studio Solution File, Format Version 12.00
# Visual Studio 15
VisualStudioVersion = 15.0.27428.2037
MinimumVisualStudioVersion = 10.0.40219.1
Project("{2150E333-8FDC-42A3-9474-1A3956D46DE8}") = "test", "test", "{5C7DE6B4-4852-4AB1-BB54-25FA3A665D9C}"
EndProject
Project("{2150E333-8FDC-42A3-9474-1A3956D46DE8}") = "src", "src", "{502A33C2-4628-4656-9DA6-36819025B57E}"
EndProject
Project("{FAE04EC0-301F-11D3-BF4B-00C04F79EFBC}") = "PG.Model", "src\PG.Model\PG.Model.csproj", "{4C8B0E90-80B4-4A71-944C-50A5BE5F537F}"
EndProject
Project("{FAE04EC0-301F-11D3-BF4B-00C04F79EFBC}") = "PG.DataAccess", "src\PG.DataAccess\PG.DataAccess.csproj", "{B97C087B-622F-4632-A99D-3874B5C2019C}"
EndProject
Project("{FAE04EC0-301F-11D3-BF4B-00C04F79EFBC}") = "PG.Common", "src\PG.Common\PG.Common.csproj", "{AF70711B-CF3C-4680-B231-1F71A43C0E4F}"
EndProject
Project("{FAE04EC0-301F-11D3-BF4B-00C04F79EFBC}") = "PG.Repository", "src\PG.Repository\PG.Repository.csproj", "{39394A46-6303-4B9D-B660-0635293CBD06}"
EndProject
Project("{FAE04EC0-301F-11D3-BF4B-00C04F79EFBC}") = "PG.BLL", "src\PG.BLL\PG.BLL.csproj", "{5689519B-C735-4DDD-9CC1-59AF319B15D0}"
EndProject
Project("{FAE04EC0-301F-11D3-BF4B-00C04F79EFBC}") = "PG.Api", "src\PG.Api\PG.Api.csproj", "{41C54256-F586-46DE-8580-EEADB608594B}"
EndProject
Project("{FAE04EC0-301F-11D3-BF4B-00C04F79EFBC}") = "PG.BLLTest", "test\PG.BLLTest\PG.BLLTest.csproj", "{0EC5BEF2-577A-44B5-B3AA-C4F34FCB91AE}"
EndProject
Project("{FAE04EC0-301F-11D3-BF4B-00C04F79EFBC}") = "PG.CommonTest", "test\PG.CommonTest\PG.CommonTest.csproj", "{9BC677D7-578C-403D-B3B0-AE3EF64301C0}"
EndProject
Global
	GlobalSection(SolutionConfigurationPlatforms) = preSolution
		Debug|Any CPU = Debug|Any CPU
		Release|Any CPU = Release|Any CPU
	EndGlobalSection
	GlobalSection(ProjectConfigurationPlatforms) = postSolution
		{4C8B0E90-80B4-4A71-944C-50A5BE5F537F}.Debug|Any CPU.ActiveCfg = Debug|Any CPU
		{4C8B0E90-80B4-4A71-944C-50A5BE5F537F}.Debug|Any CPU.Build.0 = Debug|Any CPU
		{4C8B0E90-80B4-4A71-944C-50A5BE5F537F}.Release|Any CPU.ActiveCfg = Release|Any CPU
		{4C8B0E90-80B4-4A71-944C-50A5BE5F537F}.Release|Any CPU.Build.0 = Release|Any CPU
		{B97C087B-622F-4632-A99D-3874B5C2019C}.Debug|Any CPU.ActiveCfg = Debug|Any CPU
		{B97C087B-622F-4632-A99D-3874B5C2019C}.Debug|Any CPU.Build.0 = Debug|Any CPU
		{B97C087B-622F-4632-A99D-3874B5C2019C}.Release|Any CPU.ActiveCfg = Release|Any CPU
		{B97C087B-622F-4632-A99D-3874B5C2019C}.Release|Any CPU.Build.0 = Release|Any CPU
		{AF70711B-CF3C-4680-B231-1F71A43C0E4F}.Debug|Any CPU.ActiveCfg = Debug|Any CPU
		{AF70711B-CF3C-4680-B231-1F71A43C0E4F}.Debug|Any CPU.Build.0 = Debug|Any CPU
		{AF70711B-CF3C-4680-B231-1F71A43C0E4F}.Release|Any CPU.ActiveCfg = Release|Any CPU
		{AF70711B-CF3C-4680-B231-1F71A43C0E4F}.Release|Any CPU.Build.0 = Release|Any CPU
		{39394A46-6303-4B9D-B660-0635293CBD06}.Debug|Any CPU.ActiveCfg = Debug|Any CPU
		{39394A46-6303-4B9D-B660-0635293CBD06}.Debug|Any CPU.Build.0 = Debug|Any CPU
		{39394A46-6303-4B9D-B660-0635293CBD06}.Release|Any CPU.ActiveCfg = Release|Any CPU
		{39394A46-6303-4B9D-B660-0635293CBD06}.Release|Any CPU.Build.0 = Release|Any CPU
		{5689519B-C735-4DDD-9CC1-59AF319B15D0}.Debug|Any CPU.ActiveCfg = Debug|Any CPU
		{5689519B-C735-4DDD-9CC1-59AF319B15D0}.Debug|Any CPU.Build.0 = Debug|Any CPU
		{5689519B-C735-4DDD-9CC1-59AF319B15D0}.Release|Any CPU.ActiveCfg = Release|Any CPU
		{5689519B-C735-4DDD-9CC1-59AF319B15D0}.Release|Any CPU.Build.0 = Release|Any CPU
		{41C54256-F586-46DE-8580-EEADB608594B}.Debug|Any CPU.ActiveCfg = Debug|Any CPU
		{41C54256-F586-46DE-8580-EEADB608594B}.Debug|Any CPU.Build.0 = Debug|Any CPU
		{41C54256-F586-46DE-8580-EEADB608594B}.Release|Any CPU.ActiveCfg = Release|Any CPU
		{41C54256-F586-46DE-8580-EEADB608594B}.Release|Any CPU.Build.0 = Release|Any CPU
		{0EC5BEF2-577A-44B5-B3AA-C4F34FCB91AE}.Debug|Any CPU.ActiveCfg = Debug|Any CPU
		{0EC5BEF2-577A-44B5-B3AA-C4F34FCB91AE}.Debug|Any CPU.Build.0 = Debug|Any CPU
		{0EC5BEF2-577A-44B5-B3AA-C4F34FCB91AE}.Release|Any CPU.ActiveCfg = Release|Any CPU
		{0EC5BEF2-577A-44B5-B3AA-C4F34FCB91AE}.Release|Any CPU.Build.0 = Release|Any CPU
		{9BC677D7-578C-403D-B3B0-AE3EF64301C0}.Debug|Any CPU.ActiveCfg = Debug|Any CPU
		{9BC677D7-578C-403D-B3B0-AE3EF64301C0}.Debug|Any CPU.Build.0 = Debug|Any CPU
		{9BC677D7-578C-403D-B3B0-AE3EF64301C0}.Release|Any CPU.ActiveCfg = Release|Any CPU
		{9BC677D7-578C-403D-B3B0-AE3EF64301C0}.Release|Any CPU.Build.0 = Release|Any CPU
	EndGlobalSection
	GlobalSection(SolutionProperties) = preSolution
		HideSolutionNode = FALSE
	EndGlobalSection
	GlobalSection(NestedProjects) = preSolution
		{4C8B0E90-80B4-4A71-944C-50A5BE5F537F} = {502A33C2-4628-4656-9DA6-36819025B57E}
		{B97C087B-622F-4632-A99D-3874B5C2019C} = {502A33C2-4628-4656-9DA6-36819025B57E}
		{AF70711B-CF3C-4680-B231-1F71A43C0E4F} = {502A33C2-4628-4656-9DA6-36819025B57E}
		{39394A46-6303-4B9D-B660-0635293CBD06} = {502A33C2-4628-4656-9DA6-36819025B57E}
		{5689519B-C735-4DDD-9CC1-59AF319B15D0} = {502A33C2-4628-4656-9DA6-36819025B57E}
		{41C54256-F586-46DE-8580-EEADB608594B} = {502A33C2-4628-4656-9DA6-36819025B57E}
		{0EC5BEF2-577A-44B5-B3AA-C4F34FCB91AE} = {5C7DE6B4-4852-4AB1-BB54-25FA3A665D9C}
		{9BC677D7-578C-403D-B3B0-AE3EF64301C0} = {5C7DE6B4-4852-4AB1-BB54-25FA3A665D9C}
	EndGlobalSection
	GlobalSection(ExtensibilityGlobals) = postSolution
		SolutionGuid = {6899842E-C789-4F93-916D-ECDCA03450C4}
	EndGlobalSection
EndGlobal
